
Microsoft Visual Studio Solution File, Format Version 12.00
# Visual Studio Version 16
VisualStudioVersion = 16.0.30717.126
MinimumVisualStudioVersion = 10.0.40219.1
Project("{FAE04EC0-301F-11D3-BF4B-00C04F79EFBC}") = "2021-01-21HastaKayitEbruGozmen", "2021-01-21HastaKayitEbruGozmen\2021-01-21HastaKayitEbruGozmen.csproj", "{495CABBE-A894-4A17-82A2-9D744FB75AA5}"
EndProject
Global
	GlobalSection(SolutionConfigurationPlatforms) = preSolution
		Debug|Any CPU = Debug|Any CPU
		Release|Any CPU = Release|Any CPU
	EndGlobalSection
	GlobalSection(ProjectConfigurationPlatforms) = postSolution
		{495CABBE-A894-4A17-82A2-9D744FB75AA5}.Debug|Any CPU.ActiveCfg = Debug|Any CPU
		{495CABBE-A894-4A17-82A2-9D744FB75AA5}.Debug|Any CPU.Build.0 = Debug|Any CPU
		{495CABBE-A894-4A17-82A2-9D744FB75AA5}.Release|Any CPU.ActiveCfg = Release|Any CPU
		{495CABBE-A894-4A17-82A2-9D744FB75AA5}.Release|Any CPU.Build.0 = Release|Any CPU
	EndGlobalSection
	GlobalSection(SolutionProperties) = preSolution
		HideSolutionNode = FALSE
	EndGlobalSection
	GlobalSection(ExtensibilityGlobals) = postSolution
		SolutionGuid = {40D7051C-089D-4D9F-9171-39789FD5F9C7}
	EndGlobalSection
EndGlobal
